
Microsoft Visual Studio Solution File, Format Version 12.00
# Visual Studio Version 16
VisualStudioVersion = 16.0.31321.278
MinimumVisualStudioVersion = 10.0.40219.1
Project("{FAE04EC0-301F-11D3-BF4B-00C04F79EFBC}") = "КурсоваяТРПО", "КурсоваяТРПО.csproj", "{8724DDC7-DCD3-4BBF-B466-2CFD9348E0E6}"
EndProject
Project("{FAE04EC0-301F-11D3-BF4B-00C04F79EFBC}") = "TestProject1", "..\TestProject1\TestProject1.csproj", "{2B6C5F0F-BAAF-4A1A-908E-CCF2FD6777E0}"
EndProject
Global
	GlobalSection(SolutionConfigurationPlatforms) = preSolution
		Debug|Any CPU = Debug|Any CPU
		Release|Any CPU = Release|Any CPU
	EndGlobalSection
	GlobalSection(ProjectConfigurationPlatforms) = postSolution
		{8724DDC7-DCD3-4BBF-B466-2CFD9348E0E6}.Debug|Any CPU.ActiveCfg = Debug|Any CPU
		{8724DDC7-DCD3-4BBF-B466-2CFD9348E0E6}.Debug|Any CPU.Build.0 = Debug|Any CPU
		{8724DDC7-DCD3-4BBF-B466-2CFD9348E0E6}.Release|Any CPU.ActiveCfg = Release|Any CPU
		{8724DDC7-DCD3-4BBF-B466-2CFD9348E0E6}.Release|Any CPU.Build.0 = Release|Any CPU
		{2B6C5F0F-BAAF-4A1A-908E-CCF2FD6777E0}.Debug|Any CPU.ActiveCfg = Debug|Any CPU
		{2B6C5F0F-BAAF-4A1A-908E-CCF2FD6777E0}.Debug|Any CPU.Build.0 = Debug|Any CPU
		{2B6C5F0F-BAAF-4A1A-908E-CCF2FD6777E0}.Release|Any CPU.ActiveCfg = Release|Any CPU
		{2B6C5F0F-BAAF-4A1A-908E-CCF2FD6777E0}.Release|Any CPU.Build.0 = Release|Any CPU
	EndGlobalSection
	GlobalSection(SolutionProperties) = preSolution
		HideSolutionNode = FALSE
	EndGlobalSection
	GlobalSection(ExtensibilityGlobals) = postSolution
		SolutionGuid = {C7EE59A1-5007-47C9-8107-CB50038BAB64}
	EndGlobalSection
EndGlobal
